// !$*UTF8*$!
{
	archiveVersion = 1;
	classes = {
	};
	objectVersion = 56;
	objects = {

/* Begin PBXBuildFile section */
		D2A381A729DD87CD0055581B /* LocationsViewController.swift in Sources */ = {isa = PBXBuildFile; fileRef = D2A381A629DD87CD0055581B /* LocationsViewController.swift */; };
		D2A381A929DD89C50055581B /* CartoonEpisode.swift in Sources */ = {isa = PBXBuildFile; fileRef = D2A381A829DD89C50055581B /* CartoonEpisode.swift */; };
		D2A381AB29DD8AAC0055581B /* EpisodesViewController.swift in Sources */ = {isa = PBXBuildFile; fileRef = D2A381AA29DD8AAC0055581B /* EpisodesViewController.swift */; };
		D2A381AD29DD961B0055581B /* EpisodeViewController.swift in Sources */ = {isa = PBXBuildFile; fileRef = D2A381AC29DD961B0055581B /* EpisodeViewController.swift */; };
		D2A381AF29DDDE100055581B /* CharacterViewController.swift in Sources */ = {isa = PBXBuildFile; fileRef = D2A381AE29DDDE100055581B /* CharacterViewController.swift */; };
		D2A381B129DDE6150055581B /* LocationViewController.swift in Sources */ = {isa = PBXBuildFile; fileRef = D2A381B029DDE6150055581B /* LocationViewController.swift */; };
		D2ABB9E029DB260D001CF8F3 /* AppDelegate.swift in Sources */ = {isa = PBXBuildFile; fileRef = D2ABB9DF29DB260D001CF8F3 /* AppDelegate.swift */; };
		D2ABB9E229DB260D001CF8F3 /* SceneDelegate.swift in Sources */ = {isa = PBXBuildFile; fileRef = D2ABB9E129DB260D001CF8F3 /* SceneDelegate.swift */; };
		D2ABB9E429DB260D001CF8F3 /* StartUpViewController.swift in Sources */ = {isa = PBXBuildFile; fileRef = D2ABB9E329DB260D001CF8F3 /* StartUpViewController.swift */; };
		D2ABB9E929DB260E001CF8F3 /* Assets.xcassets in Resources */ = {isa = PBXBuildFile; fileRef = D2ABB9E829DB260E001CF8F3 /* Assets.xcassets */; };
		D2ABB9EC29DB260E001CF8F3 /* LaunchScreen.storyboard in Resources */ = {isa = PBXBuildFile; fileRef = D2ABB9EA29DB260E001CF8F3 /* LaunchScreen.storyboard */; };
		D2ABB9F529DB273B001CF8F3 /* NetworkLayer.swift in Sources */ = {isa = PBXBuildFile; fileRef = D2ABB9F429DB273B001CF8F3 /* NetworkLayer.swift */; };
		D2ABB9F729DB277B001CF8F3 /* UrlSessionNetworkLayer.swift in Sources */ = {isa = PBXBuildFile; fileRef = D2ABB9F629DB277B001CF8F3 /* UrlSessionNetworkLayer.swift */; };
		D2ABB9FA29DB27D1001CF8F3 /* CallbackTypes.swift in Sources */ = {isa = PBXBuildFile; fileRef = D2ABB9F929DB27D1001CF8F3 /* CallbackTypes.swift */; };
		D2ABB9FC29DB2805001CF8F3 /* CartoonCharacter.swift in Sources */ = {isa = PBXBuildFile; fileRef = D2ABB9FB29DB2805001CF8F3 /* CartoonCharacter.swift */; };
		D2ABB9FE29DB283E001CF8F3 /* NetworkError.swift in Sources */ = {isa = PBXBuildFile; fileRef = D2ABB9FD29DB283E001CF8F3 /* NetworkError.swift */; };
		D2ABBA0029DB28A3001CF8F3 /* NetworkModel.swift in Sources */ = {isa = PBXBuildFile; fileRef = D2ABB9FF29DB28A3001CF8F3 /* NetworkModel.swift */; };
		D2ABBA0229DB3C7A001CF8F3 /* TableCell.swift in Sources */ = {isa = PBXBuildFile; fileRef = D2ABBA0129DB3C7A001CF8F3 /* TableCell.swift */; };
		D2ABBA0429DB4ED3001CF8F3 /* CartoonLocation.swift in Sources */ = {isa = PBXBuildFile; fileRef = D2ABBA0329DB4ED3001CF8F3 /* CartoonLocation.swift */; };
		D2ABBA0729DB5305001CF8F3 /* SnapKit in Frameworks */ = {isa = PBXBuildFile; productRef = D2ABBA0629DB5305001CF8F3 /* SnapKit */; };
		D2B27F1F2A057CC30026D867 /* FirebaseAnalytics in Frameworks */ = {isa = PBXBuildFile; productRef = D2B27F1E2A057CC30026D867 /* FirebaseAnalytics */; };
		D2B27F212A057CC40026D867 /* FirebaseAuth in Frameworks */ = {isa = PBXBuildFile; productRef = D2B27F202A057CC30026D867 /* FirebaseAuth */; };
		D2B27F232A057CC40026D867 /* FirebaseCrashlytics in Frameworks */ = {isa = PBXBuildFile; productRef = D2B27F222A057CC40026D867 /* FirebaseCrashlytics */; };
		D2B27F252A057DD70026D867 /* GoogleService-Info.plist in Resources */ = {isa = PBXBuildFile; fileRef = D2B27F242A057DD70026D867 /* GoogleService-Info.plist */; };
		D2B27F282A06489E0026D867 /* AnalyticsService.swift in Sources */ = {isa = PBXBuildFile; fileRef = D2B27F272A06489E0026D867 /* AnalyticsService.swift */; };
		D2B27F2A2A0648B90026D867 /* EntireAnalytics.swift in Sources */ = {isa = PBXBuildFile; fileRef = D2B27F292A0648B90026D867 /* EntireAnalytics.swift */; };
		D2B27F2C2A064FF00026D867 /* Constants.swift in Sources */ = {isa = PBXBuildFile; fileRef = D2B27F2B2A064FF00026D867 /* Constants.swift */; };
		D2B4A50D29DC99F300A45BB0 /* CharactersViewController.swift in Sources */ = {isa = PBXBuildFile; fileRef = D2B4A50C29DC99F300A45BB0 /* CharactersViewController.swift */; };
		D2E99AF72A01823000776B31 /* Coordinator.swift in Sources */ = {isa = PBXBuildFile; fileRef = D2E99AF62A01823000776B31 /* Coordinator.swift */; };
		D2E99AFC2A01831100776B31 /* StartUpCoordinator.swift in Sources */ = {isa = PBXBuildFile; fileRef = D2E99AFB2A01831100776B31 /* StartUpCoordinator.swift */; };
		D2E99AFF2A0183BC00776B31 /* CharactersCoordinator.swift in Sources */ = {isa = PBXBuildFile; fileRef = D2E99AFE2A0183BC00776B31 /* CharactersCoordinator.swift */; };
		D2E99B012A01840200776B31 /* LocationsCoordinator.swift in Sources */ = {isa = PBXBuildFile; fileRef = D2E99B002A01840200776B31 /* LocationsCoordinator.swift */; };
		D2E99B032A01843400776B31 /* EpisodesCoordinator.swift in Sources */ = {isa = PBXBuildFile; fileRef = D2E99B022A01843400776B31 /* EpisodesCoordinator.swift */; };
		D2E99B052A0184D500776B31 /* Configurator.swift in Sources */ = {isa = PBXBuildFile; fileRef = D2E99B042A0184D500776B31 /* Configurator.swift */; };
		D2E99B072A01851200776B31 /* StartUpPresenter.swift in Sources */ = {isa = PBXBuildFile; fileRef = D2E99B062A01851200776B31 /* StartUpPresenter.swift */; };
		D2E99B092A01854800776B31 /* StartUpInteractor.swift in Sources */ = {isa = PBXBuildFile; fileRef = D2E99B082A01854800776B31 /* StartUpInteractor.swift */; };
		D2E99B0C2A0185C900776B31 /* AppCoordinator.swift in Sources */ = {isa = PBXBuildFile; fileRef = D2E99B0B2A0185C900776B31 /* AppCoordinator.swift */; };
		D2E99B0F2A01868F00776B31 /* LocalDataStorage.swift in Sources */ = {isa = PBXBuildFile; fileRef = D2E99B0E2A01868F00776B31 /* LocalDataStorage.swift */; };
/* End PBXBuildFile section */

/* Begin PBXFileReference section */
		D2A381A629DD87CD0055581B /* LocationsViewController.swift */ = {isa = PBXFileReference; lastKnownFileType = sourcecode.swift; path = LocationsViewController.swift; sourceTree = "<group>"; };
		D2A381A829DD89C50055581B /* CartoonEpisode.swift */ = {isa = PBXFileReference; lastKnownFileType = sourcecode.swift; path = CartoonEpisode.swift; sourceTree = "<group>"; };
		D2A381AA29DD8AAC0055581B /* EpisodesViewController.swift */ = {isa = PBXFileReference; lastKnownFileType = sourcecode.swift; path = EpisodesViewController.swift; sourceTree = "<group>"; };
		D2A381AC29DD961B0055581B /* EpisodeViewController.swift */ = {isa = PBXFileReference; lastKnownFileType = sourcecode.swift; path = EpisodeViewController.swift; sourceTree = "<group>"; };
		D2A381AE29DDDE100055581B /* CharacterViewController.swift */ = {isa = PBXFileReference; lastKnownFileType = sourcecode.swift; path = CharacterViewController.swift; sourceTree = "<group>"; };
		D2A381B029DDE6150055581B /* LocationViewController.swift */ = {isa = PBXFileReference; lastKnownFileType = sourcecode.swift; path = LocationViewController.swift; sourceTree = "<group>"; };
		D2ABB9DC29DB260D001CF8F3 /* Homework_Codable_JSON.app */ = {isa = PBXFileReference; explicitFileType = wrapper.application; includeInIndex = 0; path = Homework_Codable_JSON.app; sourceTree = BUILT_PRODUCTS_DIR; };
		D2ABB9DF29DB260D001CF8F3 /* AppDelegate.swift */ = {isa = PBXFileReference; lastKnownFileType = sourcecode.swift; path = AppDelegate.swift; sourceTree = "<group>"; };
		D2ABB9E129DB260D001CF8F3 /* SceneDelegate.swift */ = {isa = PBXFileReference; lastKnownFileType = sourcecode.swift; path = SceneDelegate.swift; sourceTree = "<group>"; };
		D2ABB9E329DB260D001CF8F3 /* StartUpViewController.swift */ = {isa = PBXFileReference; lastKnownFileType = sourcecode.swift; path = StartUpViewController.swift; sourceTree = "<group>"; };
		D2ABB9E829DB260E001CF8F3 /* Assets.xcassets */ = {isa = PBXFileReference; lastKnownFileType = folder.assetcatalog; path = Assets.xcassets; sourceTree = "<group>"; };
		D2ABB9EB29DB260E001CF8F3 /* Base */ = {isa = PBXFileReference; lastKnownFileType = file.storyboard; name = Base; path = Base.lproj/LaunchScreen.storyboard; sourceTree = "<group>"; };
		D2ABB9ED29DB260E001CF8F3 /* Info.plist */ = {isa = PBXFileReference; lastKnownFileType = text.plist.xml; path = Info.plist; sourceTree = "<group>"; };
		D2ABB9F429DB273B001CF8F3 /* NetworkLayer.swift */ = {isa = PBXFileReference; lastKnownFileType = sourcecode.swift; path = NetworkLayer.swift; sourceTree = "<group>"; };
		D2ABB9F629DB277B001CF8F3 /* UrlSessionNetworkLayer.swift */ = {isa = PBXFileReference; lastKnownFileType = sourcecode.swift; path = UrlSessionNetworkLayer.swift; sourceTree = "<group>"; };
		D2ABB9F929DB27D1001CF8F3 /* CallbackTypes.swift */ = {isa = PBXFileReference; lastKnownFileType = sourcecode.swift; path = CallbackTypes.swift; sourceTree = "<group>"; };
		D2ABB9FB29DB2805001CF8F3 /* CartoonCharacter.swift */ = {isa = PBXFileReference; lastKnownFileType = sourcecode.swift; path = CartoonCharacter.swift; sourceTree = "<group>"; };
		D2ABB9FD29DB283E001CF8F3 /* NetworkError.swift */ = {isa = PBXFileReference; lastKnownFileType = sourcecode.swift; path = NetworkError.swift; sourceTree = "<group>"; };
		D2ABB9FF29DB28A3001CF8F3 /* NetworkModel.swift */ = {isa = PBXFileReference; lastKnownFileType = sourcecode.swift; path = NetworkModel.swift; sourceTree = "<group>"; };
		D2ABBA0129DB3C7A001CF8F3 /* TableCell.swift */ = {isa = PBXFileReference; lastKnownFileType = sourcecode.swift; path = TableCell.swift; sourceTree = "<group>"; };
		D2ABBA0329DB4ED3001CF8F3 /* CartoonLocation.swift */ = {isa = PBXFileReference; lastKnownFileType = sourcecode.swift; path = CartoonLocation.swift; sourceTree = "<group>"; };
		D2B27F242A057DD70026D867 /* GoogleService-Info.plist */ = {isa = PBXFileReference; fileEncoding = 4; lastKnownFileType = text.plist.xml; path = "GoogleService-Info.plist"; sourceTree = "<group>"; };
		D2B27F272A06489E0026D867 /* AnalyticsService.swift */ = {isa = PBXFileReference; lastKnownFileType = sourcecode.swift; path = AnalyticsService.swift; sourceTree = "<group>"; };
		D2B27F292A0648B90026D867 /* EntireAnalytics.swift */ = {isa = PBXFileReference; lastKnownFileType = sourcecode.swift; path = EntireAnalytics.swift; sourceTree = "<group>"; };
		D2B27F2B2A064FF00026D867 /* Constants.swift */ = {isa = PBXFileReference; lastKnownFileType = sourcecode.swift; path = Constants.swift; sourceTree = "<group>"; };
		D2B4A50C29DC99F300A45BB0 /* CharactersViewController.swift */ = {isa = PBXFileReference; lastKnownFileType = sourcecode.swift; path = CharactersViewController.swift; sourceTree = "<group>"; };
		D2E99AF62A01823000776B31 /* Coordinator.swift */ = {isa = PBXFileReference; lastKnownFileType = sourcecode.swift; path = Coordinator.swift; sourceTree = "<group>"; };
		D2E99AFB2A01831100776B31 /* StartUpCoordinator.swift */ = {isa = PBXFileReference; lastKnownFileType = sourcecode.swift; path = StartUpCoordinator.swift; sourceTree = "<group>"; };
		D2E99AFE2A0183BC00776B31 /* CharactersCoordinator.swift */ = {isa = PBXFileReference; lastKnownFileType = sourcecode.swift; path = CharactersCoordinator.swift; sourceTree = "<group>"; };
		D2E99B002A01840200776B31 /* LocationsCoordinator.swift */ = {isa = PBXFileReference; lastKnownFileType = sourcecode.swift; path = LocationsCoordinator.swift; sourceTree = "<group>"; };
		D2E99B022A01843400776B31 /* EpisodesCoordinator.swift */ = {isa = PBXFileReference; lastKnownFileType = sourcecode.swift; path = EpisodesCoordinator.swift; sourceTree = "<group>"; };
		D2E99B042A0184D500776B31 /* Configurator.swift */ = {isa = PBXFileReference; lastKnownFileType = sourcecode.swift; path = Configurator.swift; sourceTree = "<group>"; };
		D2E99B062A01851200776B31 /* StartUpPresenter.swift */ = {isa = PBXFileReference; lastKnownFileType = sourcecode.swift; path = StartUpPresenter.swift; sourceTree = "<group>"; };
		D2E99B082A01854800776B31 /* StartUpInteractor.swift */ = {isa = PBXFileReference; lastKnownFileType = sourcecode.swift; path = StartUpInteractor.swift; sourceTree = "<group>"; };
		D2E99B0B2A0185C900776B31 /* AppCoordinator.swift */ = {isa = PBXFileReference; lastKnownFileType = sourcecode.swift; path = AppCoordinator.swift; sourceTree = "<group>"; };
		D2E99B0E2A01868F00776B31 /* LocalDataStorage.swift */ = {isa = PBXFileReference; lastKnownFileType = sourcecode.swift; path = LocalDataStorage.swift; sourceTree = "<group>"; };
/* End PBXFileReference section */

/* Begin PBXFrameworksBuildPhase section */
		D2ABB9D929DB260D001CF8F3 /* Frameworks */ = {
			isa = PBXFrameworksBuildPhase;
			buildActionMask = 2147483647;
			files = (
				D2B27F1F2A057CC30026D867 /* FirebaseAnalytics in Frameworks */,
				D2B27F232A057CC40026D867 /* FirebaseCrashlytics in Frameworks */,
				D2B27F212A057CC40026D867 /* FirebaseAuth in Frameworks */,
				D2ABBA0729DB5305001CF8F3 /* SnapKit in Frameworks */,
			);
			runOnlyForDeploymentPostprocessing = 0;
		};
/* End PBXFrameworksBuildPhase section */

/* Begin PBXGroup section */
		D2ABB9D329DB260D001CF8F3 = {
			isa = PBXGroup;
			children = (
				D2ABB9DE29DB260D001CF8F3 /* Homework_Codable_JSON */,
				D2ABB9DD29DB260D001CF8F3 /* Products */,
			);
			sourceTree = "<group>";
		};
		D2ABB9DD29DB260D001CF8F3 /* Products */ = {
			isa = PBXGroup;
			children = (
				D2ABB9DC29DB260D001CF8F3 /* Homework_Codable_JSON.app */,
			);
			name = Products;
			sourceTree = "<group>";
		};
		D2ABB9DE29DB260D001CF8F3 /* Homework_Codable_JSON */ = {
			isa = PBXGroup;
			children = (
				D2B27F262A06487A0026D867 /* Analytics */,
				D2B27F242A057DD70026D867 /* GoogleService-Info.plist */,
				D2E99B0D2A01867900776B31 /* Workers */,
				D2E99B0A2A0185AB00776B31 /* App */,
				D2E99AF92A01829000776B31 /* DI */,
				D2E99AF82A01824800776B31 /* StartUpFeature */,
				D2B4A50E29DC9A1400A45BB0 /* PresentationLayer */,
				D2ABB9F829DB27B8001CF8F3 /* Model */,
				D2ABB9F329DB26FD001CF8F3 /* NetworkLayer */,
				D2ABB9DF29DB260D001CF8F3 /* AppDelegate.swift */,
				D2ABB9E129DB260D001CF8F3 /* SceneDelegate.swift */,
				D2ABB9E829DB260E001CF8F3 /* Assets.xcassets */,
				D2ABB9EA29DB260E001CF8F3 /* LaunchScreen.storyboard */,
				D2ABB9ED29DB260E001CF8F3 /* Info.plist */,
			);
			path = Homework_Codable_JSON;
			sourceTree = "<group>";
		};
		D2ABB9F329DB26FD001CF8F3 /* NetworkLayer */ = {
			isa = PBXGroup;
			children = (
				D2ABB9F429DB273B001CF8F3 /* NetworkLayer.swift */,
				D2ABB9F629DB277B001CF8F3 /* UrlSessionNetworkLayer.swift */,
			);
			path = NetworkLayer;
			sourceTree = "<group>";
		};
		D2ABB9F829DB27B8001CF8F3 /* Model */ = {
			isa = PBXGroup;
			children = (
				D2ABB9F929DB27D1001CF8F3 /* CallbackTypes.swift */,
				D2ABB9FB29DB2805001CF8F3 /* CartoonCharacter.swift */,
				D2ABB9FD29DB283E001CF8F3 /* NetworkError.swift */,
				D2ABB9FF29DB28A3001CF8F3 /* NetworkModel.swift */,
				D2ABBA0329DB4ED3001CF8F3 /* CartoonLocation.swift */,
				D2A381A829DD89C50055581B /* CartoonEpisode.swift */,
				D2E99AF62A01823000776B31 /* Coordinator.swift */,
				D2B27F2B2A064FF00026D867 /* Constants.swift */,
			);
			path = Model;
			sourceTree = "<group>";
		};
		D2B27F262A06487A0026D867 /* Analytics */ = {
			isa = PBXGroup;
			children = (
				D2B27F272A06489E0026D867 /* AnalyticsService.swift */,
				D2B27F292A0648B90026D867 /* EntireAnalytics.swift */,
			);
			path = Analytics;
			sourceTree = "<group>";
		};
		D2B4A50E29DC9A1400A45BB0 /* PresentationLayer */ = {
			isa = PBXGroup;
			children = (
				D2E99AFD2A01836200776B31 /* Coordinators */,
				D2B4A50C29DC99F300A45BB0 /* CharactersViewController.swift */,
				D2A381A629DD87CD0055581B /* LocationsViewController.swift */,
				D2ABBA0129DB3C7A001CF8F3 /* TableCell.swift */,
				D2A381AA29DD8AAC0055581B /* EpisodesViewController.swift */,
				D2A381AC29DD961B0055581B /* EpisodeViewController.swift */,
				D2A381AE29DDDE100055581B /* CharacterViewController.swift */,
				D2A381B029DDE6150055581B /* LocationViewController.swift */,
			);
			path = PresentationLayer;
			sourceTree = "<group>";
		};
		D2E99AF82A01824800776B31 /* StartUpFeature */ = {
			isa = PBXGroup;
			children = (
				D2E99AFA2A0182A600776B31 /* Coordinator */,
				D2ABB9E329DB260D001CF8F3 /* StartUpViewController.swift */,
				D2E99B062A01851200776B31 /* StartUpPresenter.swift */,
				D2E99B082A01854800776B31 /* StartUpInteractor.swift */,
			);
			path = StartUpFeature;
			sourceTree = "<group>";
		};
		D2E99AF92A01829000776B31 /* DI */ = {
			isa = PBXGroup;
			children = (
				D2E99B042A0184D500776B31 /* Configurator.swift */,
			);
			path = DI;
			sourceTree = "<group>";
		};
		D2E99AFA2A0182A600776B31 /* Coordinator */ = {
			isa = PBXGroup;
			children = (
				D2E99AFB2A01831100776B31 /* StartUpCoordinator.swift */,
			);
			path = Coordinator;
			sourceTree = "<group>";
		};
		D2E99AFD2A01836200776B31 /* Coordinators */ = {
			isa = PBXGroup;
			children = (
				D2E99AFE2A0183BC00776B31 /* CharactersCoordinator.swift */,
				D2E99B002A01840200776B31 /* LocationsCoordinator.swift */,
				D2E99B022A01843400776B31 /* EpisodesCoordinator.swift */,
			);
			path = Coordinators;
			sourceTree = "<group>";
		};
		D2E99B0A2A0185AB00776B31 /* App */ = {
			isa = PBXGroup;
			children = (
				D2E99B0B2A0185C900776B31 /* AppCoordinator.swift */,
			);
			path = App;
			sourceTree = "<group>";
		};
		D2E99B0D2A01867900776B31 /* Workers */ = {
			isa = PBXGroup;
			children = (
				D2E99B0E2A01868F00776B31 /* LocalDataStorage.swift */,
			);
			path = Workers;
			sourceTree = "<group>";
		};
/* End PBXGroup section */

/* Begin PBXNativeTarget section */
		D2ABB9DB29DB260D001CF8F3 /* Homework_Codable_JSON */ = {
			isa = PBXNativeTarget;
			buildConfigurationList = D2ABB9F029DB260E001CF8F3 /* Build configuration list for PBXNativeTarget "Homework_Codable_JSON" */;
			buildPhases = (
				D2ABB9D829DB260D001CF8F3 /* Sources */,
				D2ABB9D929DB260D001CF8F3 /* Frameworks */,
				D2ABB9DA29DB260D001CF8F3 /* Resources */,
				D2B27F2D2A0656AA0026D867 /* ShellScript */,
			);
			buildRules = (
			);
			dependencies = (
			);
			name = Homework_Codable_JSON;
			packageProductDependencies = (
				D2ABBA0629DB5305001CF8F3 /* SnapKit */,
				D2B27F1E2A057CC30026D867 /* FirebaseAnalytics */,
				D2B27F202A057CC30026D867 /* FirebaseAuth */,
				D2B27F222A057CC40026D867 /* FirebaseCrashlytics */,
			);
			productName = Homework_Codable_JSON;
			productReference = D2ABB9DC29DB260D001CF8F3 /* Homework_Codable_JSON.app */;
			productType = "com.apple.product-type.application";
		};
/* End PBXNativeTarget section */

/* Begin PBXProject section */
		D2ABB9D429DB260D001CF8F3 /* Project object */ = {
			isa = PBXProject;
			attributes = {
				BuildIndependentTargetsInParallel = 1;
				LastSwiftUpdateCheck = 1410;
				LastUpgradeCheck = 1410;
				TargetAttributes = {
					D2ABB9DB29DB260D001CF8F3 = {
						CreatedOnToolsVersion = 14.1;
					};
				};
			};
			buildConfigurationList = D2ABB9D729DB260D001CF8F3 /* Build configuration list for PBXProject "Homework_Codable_JSON" */;
			compatibilityVersion = "Xcode 14.0";
			developmentRegion = en;
			hasScannedForEncodings = 0;
			knownRegions = (
				en,
				Base,
			);
			mainGroup = D2ABB9D329DB260D001CF8F3;
			packageReferences = (
				D2ABBA0529DB5305001CF8F3 /* XCRemoteSwiftPackageReference "snapkit" */,
				D2B27F1D2A057CC30026D867 /* XCRemoteSwiftPackageReference "firebase-ios-sdk" */,
			);
			productRefGroup = D2ABB9DD29DB260D001CF8F3 /* Products */;
			projectDirPath = "";
			projectRoot = "";
			targets = (
				D2ABB9DB29DB260D001CF8F3 /* Homework_Codable_JSON */,
			);
		};
/* End PBXProject section */

/* Begin PBXResourcesBuildPhase section */
		D2ABB9DA29DB260D001CF8F3 /* Resources */ = {
			isa = PBXResourcesBuildPhase;
			buildActionMask = 2147483647;
			files = (
				D2ABB9EC29DB260E001CF8F3 /* LaunchScreen.storyboard in Resources */,
				D2ABB9E929DB260E001CF8F3 /* Assets.xcassets in Resources */,
				D2B27F252A057DD70026D867 /* GoogleService-Info.plist in Resources */,
			);
			runOnlyForDeploymentPostprocessing = 0;
		};
/* End PBXResourcesBuildPhase section */

/* Begin PBXShellScriptBuildPhase section */
		D2B27F2D2A0656AA0026D867 /* ShellScript */ = {
			isa = PBXShellScriptBuildPhase;
			buildActionMask = 2147483647;
			files = (
			);
			inputFileListPaths = (
			);
			inputPaths = (
				"${DWARF_DSYM_FOLDER_PATH}/${DWARF_DSYM_FILE_NAME}/Contents/Resources/DWARF/${TARGET_NAME}",
				"$(SRCROOT)/$(BUILT_PRODUCTS_DIR)/$(INFOPLIST_PATH)",
			);
			outputFileListPaths = (
			);
			outputPaths = (
			);
			runOnlyForDeploymentPostprocessing = 0;
			shellPath = /bin/sh;
			shellScript = "\"${BUILD_DIR%/Build/*}/SourcePackages/checkouts/firebase-ios-sdk/Crashlytics/run\"\n";
		};
/* End PBXShellScriptBuildPhase section */

/* Begin PBXSourcesBuildPhase section */
		D2ABB9D829DB260D001CF8F3 /* Sources */ = {
			isa = PBXSourcesBuildPhase;
			buildActionMask = 2147483647;
			files = (
				D2A381AB29DD8AAC0055581B /* EpisodesViewController.swift in Sources */,
				D2ABB9FA29DB27D1001CF8F3 /* CallbackTypes.swift in Sources */,
				D2ABB9FE29DB283E001CF8F3 /* NetworkError.swift in Sources */,
				D2E99B0F2A01868F00776B31 /* LocalDataStorage.swift in Sources */,
				D2ABB9F529DB273B001CF8F3 /* NetworkLayer.swift in Sources */,
				D2ABBA0429DB4ED3001CF8F3 /* CartoonLocation.swift in Sources */,
				D2ABBA0029DB28A3001CF8F3 /* NetworkModel.swift in Sources */,
				D2E99B0C2A0185C900776B31 /* AppCoordinator.swift in Sources */,
				D2B27F2A2A0648B90026D867 /* EntireAnalytics.swift in Sources */,
				D2B27F2C2A064FF00026D867 /* Constants.swift in Sources */,
				D2E99B092A01854800776B31 /* StartUpInteractor.swift in Sources */,
				D2E99AFF2A0183BC00776B31 /* CharactersCoordinator.swift in Sources */,
				D2E99AF72A01823000776B31 /* Coordinator.swift in Sources */,
				D2A381AF29DDDE100055581B /* CharacterViewController.swift in Sources */,
				D2ABB9FC29DB2805001CF8F3 /* CartoonCharacter.swift in Sources */,
				D2A381A929DD89C50055581B /* CartoonEpisode.swift in Sources */,
				D2E99AFC2A01831100776B31 /* StartUpCoordinator.swift in Sources */,
				D2A381A729DD87CD0055581B /* LocationsViewController.swift in Sources */,
				D2ABBA0229DB3C7A001CF8F3 /* TableCell.swift in Sources */,
				D2ABB9E429DB260D001CF8F3 /* StartUpViewController.swift in Sources */,
				D2ABB9F729DB277B001CF8F3 /* UrlSessionNetworkLayer.swift in Sources */,
				D2E99B052A0184D500776B31 /* Configurator.swift in Sources */,
				D2ABB9E029DB260D001CF8F3 /* AppDelegate.swift in Sources */,
				D2E99B012A01840200776B31 /* LocationsCoordinator.swift in Sources */,
				D2E99B032A01843400776B31 /* EpisodesCoordinator.swift in Sources */,
				D2ABB9E229DB260D001CF8F3 /* SceneDelegate.swift in Sources */,
				D2B27F282A06489E0026D867 /* AnalyticsService.swift in Sources */,
				D2A381B129DDE6150055581B /* LocationViewController.swift in Sources */,
				D2E99B072A01851200776B31 /* StartUpPresenter.swift in Sources */,
				D2A381AD29DD961B0055581B /* EpisodeViewController.swift in Sources */,
				D2B4A50D29DC99F300A45BB0 /* CharactersViewController.swift in Sources */,
			);
			runOnlyForDeploymentPostprocessing = 0;
		};
/* End PBXSourcesBuildPhase section */

/* Begin PBXVariantGroup section */
		D2ABB9EA29DB260E001CF8F3 /* LaunchScreen.storyboard */ = {
			isa = PBXVariantGroup;
			children = (
				D2ABB9EB29DB260E001CF8F3 /* Base */,
			);
			name = LaunchScreen.storyboard;
			sourceTree = "<group>";
		};
/* End PBXVariantGroup section */

/* Begin XCBuildConfiguration section */
		D2ABB9EE29DB260E001CF8F3 /* Debug */ = {
			isa = XCBuildConfiguration;
			buildSettings = {
				ALWAYS_SEARCH_USER_PATHS = NO;
				CLANG_ANALYZER_NONNULL = YES;
				CLANG_ANALYZER_NUMBER_OBJECT_CONVERSION = YES_AGGRESSIVE;
				CLANG_CXX_LANGUAGE_STANDARD = "gnu++20";
				CLANG_ENABLE_MODULES = YES;
				CLANG_ENABLE_OBJC_ARC = YES;
				CLANG_ENABLE_OBJC_WEAK = YES;
				CLANG_WARN_BLOCK_CAPTURE_AUTORELEASING = YES;
				CLANG_WARN_BOOL_CONVERSION = YES;
				CLANG_WARN_COMMA = YES;
				CLANG_WARN_CONSTANT_CONVERSION = YES;
				CLANG_WARN_DEPRECATED_OBJC_IMPLEMENTATIONS = YES;
				CLANG_WARN_DIRECT_OBJC_ISA_USAGE = YES_ERROR;
				CLANG_WARN_DOCUMENTATION_COMMENTS = YES;
				CLANG_WARN_EMPTY_BODY = YES;
				CLANG_WARN_ENUM_CONVERSION = YES;
				CLANG_WARN_INFINITE_RECURSION = YES;
				CLANG_WARN_INT_CONVERSION = YES;
				CLANG_WARN_NON_LITERAL_NULL_CONVERSION = YES;
				CLANG_WARN_OBJC_IMPLICIT_RETAIN_SELF = YES;
				CLANG_WARN_OBJC_LITERAL_CONVERSION = YES;
				CLANG_WARN_OBJC_ROOT_CLASS = YES_ERROR;
				CLANG_WARN_QUOTED_INCLUDE_IN_FRAMEWORK_HEADER = YES;
				CLANG_WARN_RANGE_LOOP_ANALYSIS = YES;
				CLANG_WARN_STRICT_PROTOTYPES = YES;
				CLANG_WARN_SUSPICIOUS_MOVE = YES;
				CLANG_WARN_UNGUARDED_AVAILABILITY = YES_AGGRESSIVE;
				CLANG_WARN_UNREACHABLE_CODE = YES;
				CLANG_WARN__DUPLICATE_METHOD_MATCH = YES;
				COPY_PHASE_STRIP = NO;
				DEBUG_INFORMATION_FORMAT = "dwarf-with-dsym";
				ENABLE_STRICT_OBJC_MSGSEND = YES;
				ENABLE_TESTABILITY = YES;
				GCC_C_LANGUAGE_STANDARD = gnu11;
				GCC_DYNAMIC_NO_PIC = NO;
				GCC_NO_COMMON_BLOCKS = YES;
				GCC_OPTIMIZATION_LEVEL = 0;
				GCC_PREPROCESSOR_DEFINITIONS = (
					"DEBUG=1",
					"$(inherited)",
				);
				GCC_WARN_64_TO_32_BIT_CONVERSION = YES;
				GCC_WARN_ABOUT_RETURN_TYPE = YES_ERROR;
				GCC_WARN_UNDECLARED_SELECTOR = YES;
				GCC_WARN_UNINITIALIZED_AUTOS = YES_AGGRESSIVE;
				GCC_WARN_UNUSED_FUNCTION = YES;
				GCC_WARN_UNUSED_VARIABLE = YES;
				IPHONEOS_DEPLOYMENT_TARGET = 16.1;
				MTL_ENABLE_DEBUG_INFO = INCLUDE_SOURCE;
				MTL_FAST_MATH = YES;
				ONLY_ACTIVE_ARCH = YES;
				SDKROOT = iphoneos;
				SWIFT_ACTIVE_COMPILATION_CONDITIONS = DEBUG;
				SWIFT_OPTIMIZATION_LEVEL = "-Onone";
			};
			name = Debug;
		};
		D2ABB9EF29DB260E001CF8F3 /* Release */ = {
			isa = XCBuildConfiguration;
			buildSettings = {
				ALWAYS_SEARCH_USER_PATHS = NO;
				CLANG_ANALYZER_NONNULL = YES;
				CLANG_ANALYZER_NUMBER_OBJECT_CONVERSION = YES_AGGRESSIVE;
				CLANG_CXX_LANGUAGE_STANDARD = "gnu++20";
				CLANG_ENABLE_MODULES = YES;
				CLANG_ENABLE_OBJC_ARC = YES;
				CLANG_ENABLE_OBJC_WEAK = YES;
				CLANG_WARN_BLOCK_CAPTURE_AUTORELEASING = YES;
				CLANG_WARN_BOOL_CONVERSION = YES;
				CLANG_WARN_COMMA = YES;
				CLANG_WARN_CONSTANT_CONVERSION = YES;
				CLANG_WARN_DEPRECATED_OBJC_IMPLEMENTATIONS = YES;
				CLANG_WARN_DIRECT_OBJC_ISA_USAGE = YES_ERROR;
				CLANG_WARN_DOCUMENTATION_COMMENTS = YES;
				CLANG_WARN_EMPTY_BODY = YES;
				CLANG_WARN_ENUM_CONVERSION = YES;
				CLANG_WARN_INFINITE_RECURSION = YES;
				CLANG_WARN_INT_CONVERSION = YES;
				CLANG_WARN_NON_LITERAL_NULL_CONVERSION = YES;
				CLANG_WARN_OBJC_IMPLICIT_RETAIN_SELF = YES;
				CLANG_WARN_OBJC_LITERAL_CONVERSION = YES;
				CLANG_WARN_OBJC_ROOT_CLASS = YES_ERROR;
				CLANG_WARN_QUOTED_INCLUDE_IN_FRAMEWORK_HEADER = YES;
				CLANG_WARN_RANGE_LOOP_ANALYSIS = YES;
				CLANG_WARN_STRICT_PROTOTYPES = YES;
				CLANG_WARN_SUSPICIOUS_MOVE = YES;
				CLANG_WARN_UNGUARDED_AVAILABILITY = YES_AGGRESSIVE;
				CLANG_WARN_UNREACHABLE_CODE = YES;
				CLANG_WARN__DUPLICATE_METHOD_MATCH = YES;
				COPY_PHASE_STRIP = NO;
				DEBUG_INFORMATION_FORMAT = "dwarf-with-dsym";
				ENABLE_NS_ASSERTIONS = NO;
				ENABLE_STRICT_OBJC_MSGSEND = YES;
				GCC_C_LANGUAGE_STANDARD = gnu11;
				GCC_NO_COMMON_BLOCKS = YES;
				GCC_WARN_64_TO_32_BIT_CONVERSION = YES;
				GCC_WARN_ABOUT_RETURN_TYPE = YES_ERROR;
				GCC_WARN_UNDECLARED_SELECTOR = YES;
				GCC_WARN_UNINITIALIZED_AUTOS = YES_AGGRESSIVE;
				GCC_WARN_UNUSED_FUNCTION = YES;
				GCC_WARN_UNUSED_VARIABLE = YES;
				IPHONEOS_DEPLOYMENT_TARGET = 16.1;
				MTL_ENABLE_DEBUG_INFO = NO;
				MTL_FAST_MATH = YES;
				SDKROOT = iphoneos;
				SWIFT_COMPILATION_MODE = wholemodule;
				SWIFT_OPTIMIZATION_LEVEL = "-O";
				VALIDATE_PRODUCT = YES;
			};
			name = Release;
		};
		D2ABB9F129DB260E001CF8F3 /* Debug */ = {
			isa = XCBuildConfiguration;
			buildSettings = {
				ASSETCATALOG_COMPILER_APPICON_NAME = AppIcon;
				ASSETCATALOG_COMPILER_GLOBAL_ACCENT_COLOR_NAME = AccentColor;
				CODE_SIGN_STYLE = Automatic;
				CURRENT_PROJECT_VERSION = 1;
				DEVELOPMENT_TEAM = Y7CXUK5HPD;
				GENERATE_INFOPLIST_FILE = YES;
				INFOPLIST_FILE = Homework_Codable_JSON/Info.plist;
				INFOPLIST_KEY_UIApplicationSupportsIndirectInputEvents = YES;
				INFOPLIST_KEY_UILaunchStoryboardName = LaunchScreen;
				INFOPLIST_KEY_UIMainStoryboardFile = "";
				INFOPLIST_KEY_UISupportedInterfaceOrientations_iPad = "UIInterfaceOrientationPortrait UIInterfaceOrientationPortraitUpsideDown UIInterfaceOrientationLandscapeLeft UIInterfaceOrientationLandscapeRight";
				INFOPLIST_KEY_UISupportedInterfaceOrientations_iPhone = "UIInterfaceOrientationPortrait UIInterfaceOrientationLandscapeLeft UIInterfaceOrientationLandscapeRight";
				LD_RUNPATH_SEARCH_PATHS = (
					"$(inherited)",
					"@executable_path/Frameworks",
				);
				MARKETING_VERSION = 1.0;
				PRODUCT_BUNDLE_IDENTIFIER = "bombastic.Homework-Codable-JSON";
				PRODUCT_NAME = "$(TARGET_NAME)";
				SWIFT_EMIT_LOC_STRINGS = YES;
				SWIFT_VERSION = 5.0;
				TARGETED_DEVICE_FAMILY = "1,2";
			};
			name = Debug;
		};
		D2ABB9F229DB260E001CF8F3 /* Release */ = {
			isa = XCBuildConfiguration;
			buildSettings = {
				ASSETCATALOG_COMPILER_APPICON_NAME = AppIcon;
				ASSETCATALOG_COMPILER_GLOBAL_ACCENT_COLOR_NAME = AccentColor;
				CODE_SIGN_STYLE = Automatic;
				CURRENT_PROJECT_VERSION = 1;
				DEVELOPMENT_TEAM = Y7CXUK5HPD;
				GENERATE_INFOPLIST_FILE = YES;
				INFOPLIST_FILE = Homework_Codable_JSON/Info.plist;
				INFOPLIST_KEY_UIApplicationSupportsIndirectInputEvents = YES;
				INFOPLIST_KEY_UILaunchStoryboardName = LaunchScreen;
				INFOPLIST_KEY_UIMainStoryboardFile = "";
				INFOPLIST_KEY_UISupportedInterfaceOrientations_iPad = "UIInterfaceOrientationPortrait UIInterfaceOrientationPortraitUpsideDown UIInterfaceOrientationLandscapeLeft UIInterfaceOrientationLandscapeRight";
				INFOPLIST_KEY_UISupportedInterfaceOrientations_iPhone = "UIInterfaceOrientationPortrait UIInterfaceOrientationLandscapeLeft UIInterfaceOrientationLandscapeRight";
				LD_RUNPATH_SEARCH_PATHS = (
					"$(inherited)",
					"@executable_path/Frameworks",
				);
				MARKETING_VERSION = 1.0;
				PRODUCT_BUNDLE_IDENTIFIER = "bombastic.Homework-Codable-JSON";
				PRODUCT_NAME = "$(TARGET_NAME)";
				SWIFT_EMIT_LOC_STRINGS = YES;
				SWIFT_VERSION = 5.0;
				TARGETED_DEVICE_FAMILY = "1,2";
			};
			name = Release;
		};
/* End XCBuildConfiguration section */

/* Begin XCConfigurationList section */
		D2ABB9D729DB260D001CF8F3 /* Build configuration list for PBXProject "Homework_Codable_JSON" */ = {
			isa = XCConfigurationList;
			buildConfigurations = (
				D2ABB9EE29DB260E001CF8F3 /* Debug */,
				D2ABB9EF29DB260E001CF8F3 /* Release */,
			);
			defaultConfigurationIsVisible = 0;
			defaultConfigurationName = Release;
		};
		D2ABB9F029DB260E001CF8F3 /* Build configuration list for PBXNativeTarget "Homework_Codable_JSON" */ = {
			isa = XCConfigurationList;
			buildConfigurations = (
				D2ABB9F129DB260E001CF8F3 /* Debug */,
				D2ABB9F229DB260E001CF8F3 /* Release */,
			);
			defaultConfigurationIsVisible = 0;
			defaultConfigurationName = Release;
		};
/* End XCConfigurationList section */

/* Begin XCRemoteSwiftPackageReference section */
		D2ABBA0529DB5305001CF8F3 /* XCRemoteSwiftPackageReference "snapkit" */ = {
			isa = XCRemoteSwiftPackageReference;
			repositoryURL = "https://github.com/snapkit/snapkit.git";
			requirement = {
				branch = develop;
				kind = branch;
			};
		};
		D2B27F1D2A057CC30026D867 /* XCRemoteSwiftPackageReference "firebase-ios-sdk" */ = {
			isa = XCRemoteSwiftPackageReference;
			repositoryURL = "https://github.com/firebase/firebase-ios-sdk.git";
			requirement = {
				kind = upToNextMajorVersion;
				minimumVersion = 10.8.0;
			};
		};
/* End XCRemoteSwiftPackageReference section */

/* Begin XCSwiftPackageProductDependency section */
		D2ABBA0629DB5305001CF8F3 /* SnapKit */ = {
			isa = XCSwiftPackageProductDependency;
			package = D2ABBA0529DB5305001CF8F3 /* XCRemoteSwiftPackageReference "snapkit" */;
			productName = SnapKit;
		};
		D2B27F1E2A057CC30026D867 /* FirebaseAnalytics */ = {
			isa = XCSwiftPackageProductDependency;
			package = D2B27F1D2A057CC30026D867 /* XCRemoteSwiftPackageReference "firebase-ios-sdk" */;
			productName = FirebaseAnalytics;
		};
		D2B27F202A057CC30026D867 /* FirebaseAuth */ = {
			isa = XCSwiftPackageProductDependency;
			package = D2B27F1D2A057CC30026D867 /* XCRemoteSwiftPackageReference "firebase-ios-sdk" */;
			productName = FirebaseAuth;
		};
		D2B27F222A057CC40026D867 /* FirebaseCrashlytics */ = {
			isa = XCSwiftPackageProductDependency;
			package = D2B27F1D2A057CC30026D867 /* XCRemoteSwiftPackageReference "firebase-ios-sdk" */;
			productName = FirebaseCrashlytics;
		};
/* End XCSwiftPackageProductDependency section */
	};
	rootObject = D2ABB9D429DB260D001CF8F3 /* Project object */;
}
